// !$*UTF8*$!
{
	archiveVersion = 1;
	classes = {
	};
	objectVersion = 46;
	objects = {

/* Begin PBXBuildFile section */
		099B8B0742314EECA22640B8 /* libPods.a in Frameworks */ = {isa = PBXBuildFile; fileRef = 44CE976178944445902430A1 /* libPods.a */; };
		8022986D18EDDBB600947EE3 /* ImageScale.m in Sources */ = {isa = PBXBuildFile; fileRef = 8022986C18EDDBB600947EE3 /* ImageScale.m */; };
		804F89FB18F2ECDB0089EE81 /* TalkController.m in Sources */ = {isa = PBXBuildFile; fileRef = 804F89FA18F2ECDB0089EE81 /* TalkController.m */; };
		806AA50418FC48580001DD87 /* SuccessView.m in Sources */ = {isa = PBXBuildFile; fileRef = 806AA50318FC48580001DD87 /* SuccessView.m */; };
		8099C4FF18F9A929001CC644 /* ImagePresentingViewController.m in Sources */ = {isa = PBXBuildFile; fileRef = 8099C4FE18F9A929001CC644 /* ImagePresentingViewController.m */; };
		CF06C20B1893032900ACEEEC /* CFNetwork.framework in Frameworks */ = {isa = PBXBuildFile; fileRef = CF06C20A1893032900ACEEEC /* CFNetwork.framework */; };
		CF06C20D1893033900ACEEEC /* SystemConfiguration.framework in Frameworks */ = {isa = PBXBuildFile; fileRef = CF06C20C1893033800ACEEEC /* SystemConfiguration.framework */; };
		CF06C20F1893034800ACEEEC /* MobileCoreServices.framework in Frameworks */ = {isa = PBXBuildFile; fileRef = CF06C20E1893034800ACEEEC /* MobileCoreServices.framework */; };
		CF06C2111893036C00ACEEEC /* libz.dylib in Frameworks */ = {isa = PBXBuildFile; fileRef = CF06C2101893036C00ACEEEC /* libz.dylib */; };
		CF07E34A18DF871A006A2BAF /* TriangleMask.png in Resources */ = {isa = PBXBuildFile; fileRef = CF07E34918DF871A006A2BAF /* TriangleMask.png */; };
		CF07E34C18DF8C4F006A2BAF /* TriangleMaskProfile.png in Resources */ = {isa = PBXBuildFile; fileRef = CF07E34B18DF8C4F006A2BAF /* TriangleMaskProfile.png */; };
		CF163BA518A6FD6100483E52 /* QuartzCore.framework in Frameworks */ = {isa = PBXBuildFile; fileRef = CF163BA418A6FD6100483E52 /* QuartzCore.framework */; };
		CF1643F918EA125900510A93 /* DefaultImage.png in Resources */ = {isa = PBXBuildFile; fileRef = CF1643F818EA125900510A93 /* DefaultImage.png */; };
		CF1643FB18EA23C100510A93 /* ImageChangeSelected.png in Resources */ = {isa = PBXBuildFile; fileRef = CF1643FA18EA23C100510A93 /* ImageChangeSelected.png */; };
		CF247FC518BC4DCB00FDF0E0 /* Main.storyboard in Resources */ = {isa = PBXBuildFile; fileRef = CF247FC318BC4DCB00FDF0E0 /* Main.storyboard */; };
		CFBF3F9A1885B831004CCB51 /* Foundation.framework in Frameworks */ = {isa = PBXBuildFile; fileRef = CFBF3F991885B831004CCB51 /* Foundation.framework */; };
		CFBF3F9C1885B831004CCB51 /* CoreGraphics.framework in Frameworks */ = {isa = PBXBuildFile; fileRef = CFBF3F9B1885B831004CCB51 /* CoreGraphics.framework */; };
		CFBF3F9E1885B831004CCB51 /* UIKit.framework in Frameworks */ = {isa = PBXBuildFile; fileRef = CFBF3F9D1885B831004CCB51 /* UIKit.framework */; };
		CFBF3FA41885B831004CCB51 /* InfoPlist.strings in Resources */ = {isa = PBXBuildFile; fileRef = CFBF3FA21885B831004CCB51 /* InfoPlist.strings */; };
		CFBF3FA61885B831004CCB51 /* main.m in Sources */ = {isa = PBXBuildFile; fileRef = CFBF3FA51885B831004CCB51 /* main.m */; };
		CFBF3FAA1885B831004CCB51 /* AppDelegate.m in Sources */ = {isa = PBXBuildFile; fileRef = CFBF3FA91885B831004CCB51 /* AppDelegate.m */; };
		CFBF3FB21885B831004CCB51 /* Images.xcassets in Resources */ = {isa = PBXBuildFile; fileRef = CFBF3FB11885B831004CCB51 /* Images.xcassets */; };
		CFBF3FB91885B831004CCB51 /* XCTest.framework in Frameworks */ = {isa = PBXBuildFile; fileRef = CFBF3FB81885B831004CCB51 /* XCTest.framework */; };
		CFBF3FBA1885B831004CCB51 /* Foundation.framework in Frameworks */ = {isa = PBXBuildFile; fileRef = CFBF3F991885B831004CCB51 /* Foundation.framework */; };
		CFBF3FBB1885B831004CCB51 /* UIKit.framework in Frameworks */ = {isa = PBXBuildFile; fileRef = CFBF3F9D1885B831004CCB51 /* UIKit.framework */; };
		CFBF3FC31885B831004CCB51 /* InfoPlist.strings in Resources */ = {isa = PBXBuildFile; fileRef = CFBF3FC11885B831004CCB51 /* InfoPlist.strings */; };
		CFBF3FC51885B831004CCB51 /* FBC_YouthTests.m in Sources */ = {isa = PBXBuildFile; fileRef = CFBF3FC41885B831004CCB51 /* FBC_YouthTests.m */; };
		CFF073F0191976AE00A7B5A4 /* ProfileTestCase.m in Sources */ = {isa = PBXBuildFile; fileRef = CFF073EF191976AE00A7B5A4 /* ProfileTestCase.m */; };
		CFFF50EE18CF5CEC007B1168 /* Profile.m in Sources */ = {isa = PBXBuildFile; fileRef = CFFF50ED18CF5CEC007B1168 /* Profile.m */; };
		CFFF50F318CF5D43007B1168 /* NameLocation.m in Sources */ = {isa = PBXBuildFile; fileRef = CFFF50F018CF5D43007B1168 /* NameLocation.m */; };
		CFFF50F418CF5D43007B1168 /* Wall.m in Sources */ = {isa = PBXBuildFile; fileRef = CFFF50F218CF5D43007B1168 /* Wall.m */; };
		CFFF510818CF5DFE007B1168 /* AllYouthCell.m in Sources */ = {isa = PBXBuildFile; fileRef = CFFF50FF18CF5DFE007B1168 /* AllYouthCell.m */; };
		CFFF510918CF5DFE007B1168 /* Cell.m in Sources */ = {isa = PBXBuildFile; fileRef = CFFF510118CF5DFE007B1168 /* Cell.m */; };
		CFFF510A18CF5DFE007B1168 /* ProfileCell.m in Sources */ = {isa = PBXBuildFile; fileRef = CFFF510318CF5DFE007B1168 /* ProfileCell.m */; };
		CFFF510C18CF5DFE007B1168 /* WallCell.m in Sources */ = {isa = PBXBuildFile; fileRef = CFFF510718CF5DFE007B1168 /* WallCell.m */; };
		CFFF511E18CF5EC6007B1168 /* HomeViewController.m in Sources */ = {isa = PBXBuildFile; fileRef = CFFF510E18CF5EC6007B1168 /* HomeViewController.m */; };
		CFFF511F18CF5EC6007B1168 /* MenuViewController.m in Sources */ = {isa = PBXBuildFile; fileRef = CFFF511018CF5EC6007B1168 /* MenuViewController.m */; };
		CFFF512018CF5EC6007B1168 /* NavigationController.m in Sources */ = {isa = PBXBuildFile; fileRef = CFFF511218CF5EC6007B1168 /* NavigationController.m */; };
		CFFF512118CF5EC6007B1168 /* PopupViewController.m in Sources */ = {isa = PBXBuildFile; fileRef = CFFF511418CF5EC6007B1168 /* PopupViewController.m */; };
		CFFF512218CF5EC6007B1168 /* PopupViewController.xib in Resources */ = {isa = PBXBuildFile; fileRef = CFFF511518CF5EC6007B1168 /* PopupViewController.xib */; };
		CFFF512318CF5EC6007B1168 /* ProfileViewController.m in Sources */ = {isa = PBXBuildFile; fileRef = CFFF511718CF5EC6007B1168 /* ProfileViewController.m */; };
		CFFF512418CF5EC6007B1168 /* SignInViewController.m in Sources */ = {isa = PBXBuildFile; fileRef = CFFF511918CF5EC6007B1168 /* SignInViewController.m */; };
		CFFF512518CF5EC6007B1168 /* WallViewController.m in Sources */ = {isa = PBXBuildFile; fileRef = CFFF511B18CF5EC6007B1168 /* WallViewController.m */; };
		CFFF512618CF5EC6007B1168 /* WriteMessageViewController.m in Sources */ = {isa = PBXBuildFile; fileRef = CFFF511D18CF5EC6007B1168 /* WriteMessageViewController.m */; };
		CFFF513618CF6010007B1168 /* CheckNo.png in Resources */ = {isa = PBXBuildFile; fileRef = CFFF512718CF6010007B1168 /* CheckNo.png */; };
		CFFF513718CF6010007B1168 /* CheckNoPressed.png in Resources */ = {isa = PBXBuildFile; fileRef = CFFF512818CF6010007B1168 /* CheckNoPressed.png */; };
		CFFF513818CF6010007B1168 /* CheckYes.png in Resources */ = {isa = PBXBuildFile; fileRef = CFFF512918CF6010007B1168 /* CheckYes.png */; };
		CFFF513918CF6010007B1168 /* CheckYesPressed.png in Resources */ = {isa = PBXBuildFile; fileRef = CFFF512A18CF6010007B1168 /* CheckYesPressed.png */; };
		CFFF513A18CF6010007B1168 /* Dot.png in Resources */ = {isa = PBXBuildFile; fileRef = CFFF512B18CF6010007B1168 /* Dot.png */; };
		CFFF513B18CF6010007B1168 /* house.png in Resources */ = {isa = PBXBuildFile; fileRef = CFFF512C18CF6010007B1168 /* house.png */; };
		CFFF513C18CF6010007B1168 /* iloveyou.png in Resources */ = {isa = PBXBuildFile; fileRef = CFFF512D18CF6010007B1168 /* iloveyou.png */; };
		CFFF513D18CF6010007B1168 /* Lightblack.jpg in Resources */ = {isa = PBXBuildFile; fileRef = CFFF512E18CF6010007B1168 /* Lightblack.jpg */; };
		CFFF513E18CF6010007B1168 /* Lightbulbdim.png in Resources */ = {isa = PBXBuildFile; fileRef = CFFF512F18CF6010007B1168 /* Lightbulbdim.png */; };
		CFFF513F18CF6010007B1168 /* Lightbulboff.png in Resources */ = {isa = PBXBuildFile; fileRef = CFFF513018CF6010007B1168 /* Lightbulboff.png */; };
		CFFF514018CF6010007B1168 /* Lightbulbon.png in Resources */ = {isa = PBXBuildFile; fileRef = CFFF513118CF6010007B1168 /* Lightbulbon.png */; };
		CFFF514118CF6010007B1168 /* Lightbulbturningon.png in Resources */ = {isa = PBXBuildFile; fileRef = CFFF513218CF6010007B1168 /* Lightbulbturningon.png */; };
		CFFF514218CF6010007B1168 /* location.png in Resources */ = {isa = PBXBuildFile; fileRef = CFFF513318CF6010007B1168 /* location.png */; };
		CFFF514318CF6010007B1168 /* news.png in Resources */ = {isa = PBXBuildFile; fileRef = CFFF513418CF6010007B1168 /* news.png */; };
		CFFF514418CF6010007B1168 /* thought.png in Resources */ = {isa = PBXBuildFile; fileRef = CFFF513518CF6010007B1168 /* thought.png */; };
/* End PBXBuildFile section */

/* Begin PBXContainerItemProxy section */
		CFBF3FBC1885B831004CCB51 /* PBXContainerItemProxy */ = {
			isa = PBXContainerItemProxy;
			containerPortal = CFBF3F8E1885B830004CCB51 /* Project object */;
			proxyType = 1;
			remoteGlobalIDString = CFBF3F951885B831004CCB51;
			remoteInfo = "FBC Youth";
		};
/* End PBXContainerItemProxy section */

/* Begin PBXFileReference section */
		44CE976178944445902430A1 /* libPods.a */ = {isa = PBXFileReference; explicitFileType = archive.ar; includeInIndex = 0; path = libPods.a; sourceTree = BUILT_PRODUCTS_DIR; };
		8022986B18EDDBB600947EE3 /* ImageScale.h */ = {isa = PBXFileReference; fileEncoding = 4; lastKnownFileType = sourcecode.c.h; name = ImageScale.h; path = Classes/ImageScale.h; sourceTree = "<group>"; };
		8022986C18EDDBB600947EE3 /* ImageScale.m */ = {isa = PBXFileReference; fileEncoding = 4; lastKnownFileType = sourcecode.c.objc; name = ImageScale.m; path = Classes/ImageScale.m; sourceTree = "<group>"; };
		804F89F918F2ECDB0089EE81 /* TalkController.h */ = {isa = PBXFileReference; fileEncoding = 4; lastKnownFileType = sourcecode.c.h; name = TalkController.h; path = "FBC Youth/ViewControllers/TalkController.h"; sourceTree = "<group>"; };
		804F89FA18F2ECDB0089EE81 /* TalkController.m */ = {isa = PBXFileReference; fileEncoding = 4; lastKnownFileType = sourcecode.c.objc; name = TalkController.m; path = "FBC Youth/ViewControllers/TalkController.m"; sourceTree = "<group>"; };
		806AA50218FC48580001DD87 /* SuccessView.h */ = {isa = PBXFileReference; fileEncoding = 4; lastKnownFileType = sourcecode.c.h; name = SuccessView.h; path = Views/SuccessView.h; sourceTree = "<group>"; };
		806AA50318FC48580001DD87 /* SuccessView.m */ = {isa = PBXFileReference; fileEncoding = 4; lastKnownFileType = sourcecode.c.objc; name = SuccessView.m; path = Views/SuccessView.m; sourceTree = "<group>"; };
		8099C4FD18F9A929001CC644 /* ImagePresentingViewController.h */ = {isa = PBXFileReference; fileEncoding = 4; lastKnownFileType = sourcecode.c.h; name = ImagePresentingViewController.h; path = "FBC Youth/ViewControllers/ImagePresentingViewController.h"; sourceTree = "<group>"; };
		8099C4FE18F9A929001CC644 /* ImagePresentingViewController.m */ = {isa = PBXFileReference; fileEncoding = 4; lastKnownFileType = sourcecode.c.objc; name = ImagePresentingViewController.m; path = "FBC Youth/ViewControllers/ImagePresentingViewController.m"; sourceTree = "<group>"; };
		CF06C20A1893032900ACEEEC /* CFNetwork.framework */ = {isa = PBXFileReference; lastKnownFileType = wrapper.framework; name = CFNetwork.framework; path = System/Library/Frameworks/CFNetwork.framework; sourceTree = SDKROOT; };
		CF06C20C1893033800ACEEEC /* SystemConfiguration.framework */ = {isa = PBXFileReference; lastKnownFileType = wrapper.framework; name = SystemConfiguration.framework; path = System/Library/Frameworks/SystemConfiguration.framework; sourceTree = SDKROOT; };
		CF06C20E1893034800ACEEEC /* MobileCoreServices.framework */ = {isa = PBXFileReference; lastKnownFileType = wrapper.framework; name = MobileCoreServices.framework; path = System/Library/Frameworks/MobileCoreServices.framework; sourceTree = SDKROOT; };
		CF06C2101893036C00ACEEEC /* libz.dylib */ = {isa = PBXFileReference; lastKnownFileType = "compiled.mach-o.dylib"; name = libz.dylib; path = usr/lib/libz.dylib; sourceTree = SDKROOT; };
		CF07E34918DF871A006A2BAF /* TriangleMask.png */ = {isa = PBXFileReference; lastKnownFileType = image.png; name = TriangleMask.png; path = "FBC Youth/images/TriangleMask.png"; sourceTree = "<group>"; };
		CF07E34B18DF8C4F006A2BAF /* TriangleMaskProfile.png */ = {isa = PBXFileReference; lastKnownFileType = image.png; name = TriangleMaskProfile.png; path = "FBC Youth/images/TriangleMaskProfile.png"; sourceTree = "<group>"; };
		CF163BA418A6FD6100483E52 /* QuartzCore.framework */ = {isa = PBXFileReference; lastKnownFileType = wrapper.framework; name = QuartzCore.framework; path = System/Library/Frameworks/QuartzCore.framework; sourceTree = SDKROOT; };
		CF1643F818EA125900510A93 /* DefaultImage.png */ = {isa = PBXFileReference; lastKnownFileType = image.png; name = DefaultImage.png; path = ../../../redoneimages/DefaultImage.png; sourceTree = "<group>"; };
		CF1643FA18EA23C100510A93 /* ImageChangeSelected.png */ = {isa = PBXFileReference; lastKnownFileType = image.png; name = ImageChangeSelected.png; path = "FBC Youth/images/ImageChangeSelected.png"; sourceTree = "<group>"; };
		CF247FC418BC4DCB00FDF0E0 /* Base */ = {isa = PBXFileReference; lastKnownFileType = file.storyboard; name = Base; path = Base.lproj/Main.storyboard; sourceTree = "<group>"; };
		CF2DA2FC18995D6300C5A4E8 /* Security.framework */ = {isa = PBXFileReference; lastKnownFileType = wrapper.framework; name = Security.framework; path = System/Library/Frameworks/Security.framework; sourceTree = SDKROOT; };
		CF85585118DE5EC7002533A6 /* ImageSelectionDelegate.h */ = {isa = PBXFileReference; lastKnownFileType = sourcecode.c.h; name = ImageSelectionDelegate.h; path = Protocols/ImageSelectionDelegate.h; sourceTree = "<group>"; };
		CFBF3F961885B831004CCB51 /* FBC Youth.app */ = {isa = PBXFileReference; explicitFileType = wrapper.application; includeInIndex = 0; path = "FBC Youth.app"; sourceTree = BUILT_PRODUCTS_DIR; };
		CFBF3F991885B831004CCB51 /* Foundation.framework */ = {isa = PBXFileReference; lastKnownFileType = wrapper.framework; name = Foundation.framework; path = System/Library/Frameworks/Foundation.framework; sourceTree = SDKROOT; };
		CFBF3F9B1885B831004CCB51 /* CoreGraphics.framework */ = {isa = PBXFileReference; lastKnownFileType = wrapper.framework; name = CoreGraphics.framework; path = System/Library/Frameworks/CoreGraphics.framework; sourceTree = SDKROOT; };
		CFBF3F9D1885B831004CCB51 /* UIKit.framework */ = {isa = PBXFileReference; lastKnownFileType = wrapper.framework; name = UIKit.framework; path = System/Library/Frameworks/UIKit.framework; sourceTree = SDKROOT; };
		CFBF3FA11885B831004CCB51 /* FBC Youth-Info.plist */ = {isa = PBXFileReference; lastKnownFileType = text.plist.xml; path = "FBC Youth-Info.plist"; sourceTree = "<group>"; };
		CFBF3FA31885B831004CCB51 /* en */ = {isa = PBXFileReference; lastKnownFileType = text.plist.strings; name = en; path = en.lproj/InfoPlist.strings; sourceTree = "<group>"; };
		CFBF3FA51885B831004CCB51 /* main.m */ = {isa = PBXFileReference; lastKnownFileType = sourcecode.c.objc; path = main.m; sourceTree = "<group>"; };
		CFBF3FA71885B831004CCB51 /* FBC Youth-Prefix.pch */ = {isa = PBXFileReference; lastKnownFileType = sourcecode.c.h; path = "FBC Youth-Prefix.pch"; sourceTree = "<group>"; };
		CFBF3FA81885B831004CCB51 /* AppDelegate.h */ = {isa = PBXFileReference; lastKnownFileType = sourcecode.c.h; path = AppDelegate.h; sourceTree = "<group>"; };
		CFBF3FA91885B831004CCB51 /* AppDelegate.m */ = {isa = PBXFileReference; lastKnownFileType = sourcecode.c.objc; path = AppDelegate.m; sourceTree = "<group>"; };
		CFBF3FB11885B831004CCB51 /* Images.xcassets */ = {isa = PBXFileReference; lastKnownFileType = folder.assetcatalog; path = Images.xcassets; sourceTree = "<group>"; };
		CFBF3FB71885B831004CCB51 /* FBC YouthTests.xctest */ = {isa = PBXFileReference; explicitFileType = wrapper.cfbundle; includeInIndex = 0; path = "FBC YouthTests.xctest"; sourceTree = BUILT_PRODUCTS_DIR; };
		CFBF3FB81885B831004CCB51 /* XCTest.framework */ = {isa = PBXFileReference; lastKnownFileType = wrapper.framework; name = XCTest.framework; path = Library/Frameworks/XCTest.framework; sourceTree = DEVELOPER_DIR; };
		CFBF3FC01885B831004CCB51 /* FBC YouthTests-Info.plist */ = {isa = PBXFileReference; lastKnownFileType = text.plist.xml; path = "FBC YouthTests-Info.plist"; sourceTree = "<group>"; };
		CFBF3FC21885B831004CCB51 /* en */ = {isa = PBXFileReference; lastKnownFileType = text.plist.strings; name = en; path = en.lproj/InfoPlist.strings; sourceTree = "<group>"; };
		CFBF3FC41885B831004CCB51 /* FBC_YouthTests.m */ = {isa = PBXFileReference; lastKnownFileType = sourcecode.c.objc; path = FBC_YouthTests.m; sourceTree = "<group>"; };
		CFF073EF191976AE00A7B5A4 /* ProfileTestCase.m */ = {isa = PBXFileReference; fileEncoding = 4; lastKnownFileType = sourcecode.c.objc; path = ProfileTestCase.m; sourceTree = "<group>"; };
		CFFF50EC18CF5CEC007B1168 /* Profile.h */ = {isa = PBXFileReference; fileEncoding = 4; lastKnownFileType = sourcecode.c.h; name = Profile.h; path = Classes/Profile.h; sourceTree = "<group>"; };
		CFFF50ED18CF5CEC007B1168 /* Profile.m */ = {isa = PBXFileReference; fileEncoding = 4; lastKnownFileType = sourcecode.c.objc; name = Profile.m; path = Classes/Profile.m; sourceTree = "<group>"; };
		CFFF50EF18CF5D43007B1168 /* NameLocation.h */ = {isa = PBXFileReference; fileEncoding = 4; lastKnownFileType = sourcecode.c.h; name = NameLocation.h; path = Classes/NameLocation.h; sourceTree = "<group>"; };
		CFFF50F018CF5D43007B1168 /* NameLocation.m */ = {isa = PBXFileReference; fileEncoding = 4; lastKnownFileType = sourcecode.c.objc; name = NameLocation.m; path = Classes/NameLocation.m; sourceTree = "<group>"; };
		CFFF50F118CF5D43007B1168 /* Wall.h */ = {isa = PBXFileReference; fileEncoding = 4; lastKnownFileType = sourcecode.c.h; name = Wall.h; path = Classes/Wall.h; sourceTree = "<group>"; };
		CFFF50F218CF5D43007B1168 /* Wall.m */ = {isa = PBXFileReference; fileEncoding = 4; lastKnownFileType = sourcecode.c.objc; name = Wall.m; path = Classes/Wall.m; sourceTree = "<group>"; };
		CFFF50F518CF5DA2007B1168 /* AskForRideDelegate.h */ = {isa = PBXFileReference; fileEncoding = 4; lastKnownFileType = sourcecode.c.h; name = AskForRideDelegate.h; path = Protocols/AskForRideDelegate.h; sourceTree = "<group>"; };
		CFFF50F618CF5DA2007B1168 /* EditTableDelegate.h */ = {isa = PBXFileReference; fileEncoding = 4; lastKnownFileType = sourcecode.c.h; name = EditTableDelegate.h; path = Protocols/EditTableDelegate.h; sourceTree = "<group>"; };
		CFFF50F718CF5DA2007B1168 /* NavigationDelegate.h */ = {isa = PBXFileReference; fileEncoding = 4; lastKnownFileType = sourcecode.c.h; name = NavigationDelegate.h; path = Protocols/NavigationDelegate.h; sourceTree = "<group>"; };
		CFFF50F818CF5DA2007B1168 /* PushRideDelegate.h */ = {isa = PBXFileReference; fileEncoding = 4; lastKnownFileType = sourcecode.c.h; name = PushRideDelegate.h; path = Protocols/PushRideDelegate.h; sourceTree = "<group>"; };
		CFFF50F918CF5DA2007B1168 /* ReloadDataDelegate.h */ = {isa = PBXFileReference; fileEncoding = 4; lastKnownFileType = sourcecode.c.h; name = ReloadDataDelegate.h; path = Protocols/ReloadDataDelegate.h; sourceTree = "<group>"; };
		CFFF50FA18CF5DA2007B1168 /* RideDelegate.h */ = {isa = PBXFileReference; fileEncoding = 4; lastKnownFileType = sourcecode.c.h; name = RideDelegate.h; path = Protocols/RideDelegate.h; sourceTree = "<group>"; };
		CFFF50FB18CF5DA2007B1168 /* SignedInDelegate.h */ = {isa = PBXFileReference; fileEncoding = 4; lastKnownFileType = sourcecode.c.h; name = SignedInDelegate.h; path = Protocols/SignedInDelegate.h; sourceTree = "<group>"; };
		CFFF50FC18CF5DA2007B1168 /* ToggleDelegate.h */ = {isa = PBXFileReference; fileEncoding = 4; lastKnownFileType = sourcecode.c.h; name = ToggleDelegate.h; path = Protocols/ToggleDelegate.h; sourceTree = "<group>"; };
		CFFF50FD18CF5DA2007B1168 /* WallPostDelegate.h */ = {isa = PBXFileReference; fileEncoding = 4; lastKnownFileType = sourcecode.c.h; name = WallPostDelegate.h; path = Protocols/WallPostDelegate.h; sourceTree = "<group>"; };
		CFFF50FE18CF5DFD007B1168 /* AllYouthCell.h */ = {isa = PBXFileReference; fileEncoding = 4; lastKnownFileType = sourcecode.c.h; name = AllYouthCell.h; path = Views/AllYouthCell.h; sourceTree = "<group>"; };
		CFFF50FF18CF5DFE007B1168 /* AllYouthCell.m */ = {isa = PBXFileReference; fileEncoding = 4; lastKnownFileType = sourcecode.c.objc; name = AllYouthCell.m; path = Views/AllYouthCell.m; sourceTree = "<group>"; };
		CFFF510018CF5DFE007B1168 /* Cell.h */ = {isa = PBXFileReference; fileEncoding = 4; lastKnownFileType = sourcecode.c.h; name = Cell.h; path = Views/Cell.h; sourceTree = "<group>"; };
		CFFF510118CF5DFE007B1168 /* Cell.m */ = {isa = PBXFileReference; fileEncoding = 4; lastKnownFileType = sourcecode.c.objc; name = Cell.m; path = Views/Cell.m; sourceTree = "<group>"; };
		CFFF510218CF5DFE007B1168 /* ProfileCell.h */ = {isa = PBXFileReference; fileEncoding = 4; lastKnownFileType = sourcecode.c.h; name = ProfileCell.h; path = Views/ProfileCell.h; sourceTree = "<group>"; };
		CFFF510318CF5DFE007B1168 /* ProfileCell.m */ = {isa = PBXFileReference; fileEncoding = 4; lastKnownFileType = sourcecode.c.objc; name = ProfileCell.m; path = Views/ProfileCell.m; sourceTree = "<group>"; };
		CFFF510618CF5DFE007B1168 /* WallCell.h */ = {isa = PBXFileReference; fileEncoding = 4; lastKnownFileType = sourcecode.c.h; name = WallCell.h; path = Views/WallCell.h; sourceTree = "<group>"; };
		CFFF510718CF5DFE007B1168 /* WallCell.m */ = {isa = PBXFileReference; fileEncoding = 4; lastKnownFileType = sourcecode.c.objc; name = WallCell.m; path = Views/WallCell.m; sourceTree = "<group>"; };
		CFFF510D18CF5EC6007B1168 /* HomeViewController.h */ = {isa = PBXFileReference; fileEncoding = 4; lastKnownFileType = sourcecode.c.h; name = HomeViewController.h; path = "FBC Youth/ViewControllers/HomeViewController.h"; sourceTree = "<group>"; };
		CFFF510E18CF5EC6007B1168 /* HomeViewController.m */ = {isa = PBXFileReference; fileEncoding = 4; lastKnownFileType = sourcecode.c.objc; name = HomeViewController.m; path = "FBC Youth/ViewControllers/HomeViewController.m"; sourceTree = "<group>"; };
		CFFF510F18CF5EC6007B1168 /* MenuViewController.h */ = {isa = PBXFileReference; fileEncoding = 4; lastKnownFileType = sourcecode.c.h; name = MenuViewController.h; path = "FBC Youth/ViewControllers/MenuViewController.h"; sourceTree = "<group>"; };
		CFFF511018CF5EC6007B1168 /* MenuViewController.m */ = {isa = PBXFileReference; fileEncoding = 4; lastKnownFileType = sourcecode.c.objc; name = MenuViewController.m; path = "FBC Youth/ViewControllers/MenuViewController.m"; sourceTree = "<group>"; };
		CFFF511118CF5EC6007B1168 /* NavigationController.h */ = {isa = PBXFileReference; fileEncoding = 4; lastKnownFileType = sourcecode.c.h; name = NavigationController.h; path = "FBC Youth/ViewControllers/NavigationController.h"; sourceTree = "<group>"; };
		CFFF511218CF5EC6007B1168 /* NavigationController.m */ = {isa = PBXFileReference; fileEncoding = 4; lastKnownFileType = sourcecode.c.objc; name = NavigationController.m; path = "FBC Youth/ViewControllers/NavigationController.m"; sourceTree = "<group>"; };
		CFFF511318CF5EC6007B1168 /* PopupViewController.h */ = {isa = PBXFileReference; fileEncoding = 4; lastKnownFileType = sourcecode.c.h; name = PopupViewController.h; path = "FBC Youth/ViewControllers/PopupViewController.h"; sourceTree = "<group>"; };
		CFFF511418CF5EC6007B1168 /* PopupViewController.m */ = {isa = PBXFileReference; fileEncoding = 4; lastKnownFileType = sourcecode.c.objc; name = PopupViewController.m; path = "FBC Youth/ViewControllers/PopupViewController.m"; sourceTree = "<group>"; };
		CFFF511518CF5EC6007B1168 /* PopupViewController.xib */ = {isa = PBXFileReference; fileEncoding = 4; lastKnownFileType = file.xib; name = PopupViewController.xib; path = "FBC Youth/ViewControllers/PopupViewController.xib"; sourceTree = "<group>"; };
		CFFF511618CF5EC6007B1168 /* ProfileViewController.h */ = {isa = PBXFileReference; fileEncoding = 4; lastKnownFileType = sourcecode.c.h; name = ProfileViewController.h; path = "FBC Youth/ViewControllers/ProfileViewController.h"; sourceTree = "<group>"; };
		CFFF511718CF5EC6007B1168 /* ProfileViewController.m */ = {isa = PBXFileReference; fileEncoding = 4; lastKnownFileType = sourcecode.c.objc; name = ProfileViewController.m; path = "FBC Youth/ViewControllers/ProfileViewController.m"; sourceTree = "<group>"; };
		CFFF511818CF5EC6007B1168 /* SignInViewController.h */ = {isa = PBXFileReference; fileEncoding = 4; lastKnownFileType = sourcecode.c.h; name = SignInViewController.h; path = "FBC Youth/ViewControllers/SignInViewController.h"; sourceTree = "<group>"; };
		CFFF511918CF5EC6007B1168 /* SignInViewController.m */ = {isa = PBXFileReference; fileEncoding = 4; lastKnownFileType = sourcecode.c.objc; name = SignInViewController.m; path = "FBC Youth/ViewControllers/SignInViewController.m"; sourceTree = "<group>"; };
		CFFF511A18CF5EC6007B1168 /* WallViewController.h */ = {isa = PBXFileReference; fileEncoding = 4; lastKnownFileType = sourcecode.c.h; name = WallViewController.h; path = "FBC Youth/ViewControllers/WallViewController.h"; sourceTree = "<group>"; };
		CFFF511B18CF5EC6007B1168 /* WallViewController.m */ = {isa = PBXFileReference; fileEncoding = 4; lastKnownFileType = sourcecode.c.objc; name = WallViewController.m; path = "FBC Youth/ViewControllers/WallViewController.m"; sourceTree = "<group>"; };
		CFFF511C18CF5EC6007B1168 /* WriteMessageViewController.h */ = {isa = PBXFileReference; fileEncoding = 4; lastKnownFileType = sourcecode.c.h; name = WriteMessageViewController.h; path = "FBC Youth/ViewControllers/WriteMessageViewController.h"; sourceTree = "<group>"; };
		CFFF511D18CF5EC6007B1168 /* WriteMessageViewController.m */ = {isa = PBXFileReference; fileEncoding = 4; lastKnownFileType = sourcecode.c.objc; name = WriteMessageViewController.m; path = "FBC Youth/ViewControllers/WriteMessageViewController.m"; sourceTree = "<group>"; };
		CFFF512718CF6010007B1168 /* CheckNo.png */ = {isa = PBXFileReference; lastKnownFileType = image.png; name = CheckNo.png; path = "FBC Youth/images/CheckNo.png"; sourceTree = "<group>"; };
		CFFF512818CF6010007B1168 /* CheckNoPressed.png */ = {isa = PBXFileReference; lastKnownFileType = image.png; name = CheckNoPressed.png; path = "FBC Youth/images/CheckNoPressed.png"; sourceTree = "<group>"; };
		CFFF512918CF6010007B1168 /* CheckYes.png */ = {isa = PBXFileReference; lastKnownFileType = image.png; name = CheckYes.png; path = "FBC Youth/images/CheckYes.png"; sourceTree = "<group>"; };
		CFFF512A18CF6010007B1168 /* CheckYesPressed.png */ = {isa = PBXFileReference; lastKnownFileType = image.png; name = CheckYesPressed.png; path = "FBC Youth/images/CheckYesPressed.png"; sourceTree = "<group>"; };
		CFFF512B18CF6010007B1168 /* Dot.png */ = {isa = PBXFileReference; lastKnownFileType = image.png; name = Dot.png; path = "FBC Youth/images/Dot.png"; sourceTree = "<group>"; };
		CFFF512C18CF6010007B1168 /* house.png */ = {isa = PBXFileReference; lastKnownFileType = image.png; name = house.png; path = "FBC Youth/images/house.png"; sourceTree = "<group>"; };
		CFFF512D18CF6010007B1168 /* iloveyou.png */ = {isa = PBXFileReference; lastKnownFileType = image.png; name = iloveyou.png; path = "FBC Youth/images/iloveyou.png"; sourceTree = "<group>"; };
		CFFF512E18CF6010007B1168 /* Lightblack.jpg */ = {isa = PBXFileReference; lastKnownFileType = image.jpeg; name = Lightblack.jpg; path = "FBC Youth/images/Lightblack.jpg"; sourceTree = "<group>"; };
		CFFF512F18CF6010007B1168 /* Lightbulbdim.png */ = {isa = PBXFileReference; lastKnownFileType = image.png; name = Lightbulbdim.png; path = "FBC Youth/images/Lightbulbdim.png"; sourceTree = "<group>"; };
		CFFF513018CF6010007B1168 /* Lightbulboff.png */ = {isa = PBXFileReference; lastKnownFileType = image.png; name = Lightbulboff.png; path = "FBC Youth/images/Lightbulboff.png"; sourceTree = "<group>"; };
		CFFF513118CF6010007B1168 /* Lightbulbon.png */ = {isa = PBXFileReference; lastKnownFileType = image.png; name = Lightbulbon.png; path = "FBC Youth/images/Lightbulbon.png"; sourceTree = "<group>"; };
		CFFF513218CF6010007B1168 /* Lightbulbturningon.png */ = {isa = PBXFileReference; lastKnownFileType = image.png; name = Lightbulbturningon.png; path = "FBC Youth/images/Lightbulbturningon.png"; sourceTree = "<group>"; };
		CFFF513318CF6010007B1168 /* location.png */ = {isa = PBXFileReference; lastKnownFileType = image.png; name = location.png; path = "FBC Youth/images/location.png"; sourceTree = "<group>"; };
		CFFF513418CF6010007B1168 /* news.png */ = {isa = PBXFileReference; lastKnownFileType = image.png; name = news.png; path = "FBC Youth/images/news.png"; sourceTree = "<group>"; };
		CFFF513518CF6010007B1168 /* thought.png */ = {isa = PBXFileReference; lastKnownFileType = image.png; name = thought.png; path = "FBC Youth/images/thought.png"; sourceTree = "<group>"; };
		FA8E7347F1454ABA90F49C2F /* Pods.xcconfig */ = {isa = PBXFileReference; includeInIndex = 1; lastKnownFileType = text.xcconfig; name = Pods.xcconfig; path = Pods/Pods.xcconfig; sourceTree = "<group>"; };
/* End PBXFileReference section */

/* Begin PBXFrameworksBuildPhase section */
		CFBF3F931885B831004CCB51 /* Frameworks */ = {
			isa = PBXFrameworksBuildPhase;
			buildActionMask = 2147483647;
			files = (
				CF163BA518A6FD6100483E52 /* QuartzCore.framework in Frameworks */,
				CF06C2111893036C00ACEEEC /* libz.dylib in Frameworks */,
				CFBF3F9C1885B831004CCB51 /* CoreGraphics.framework in Frameworks */,
				CF06C20F1893034800ACEEEC /* MobileCoreServices.framework in Frameworks */,
				CF06C20D1893033900ACEEEC /* SystemConfiguration.framework in Frameworks */,
				CF06C20B1893032900ACEEEC /* CFNetwork.framework in Frameworks */,
				CFBF3F9E1885B831004CCB51 /* UIKit.framework in Frameworks */,
				CFBF3F9A1885B831004CCB51 /* Foundation.framework in Frameworks */,
				099B8B0742314EECA22640B8 /* libPods.a in Frameworks */,
			);
			runOnlyForDeploymentPostprocessing = 0;
		};
		CFBF3FB41885B831004CCB51 /* Frameworks */ = {
			isa = PBXFrameworksBuildPhase;
			buildActionMask = 2147483647;
			files = (
				CFBF3FB91885B831004CCB51 /* XCTest.framework in Frameworks */,
				CFBF3FBB1885B831004CCB51 /* UIKit.framework in Frameworks */,
				CFBF3FBA1885B831004CCB51 /* Foundation.framework in Frameworks */,
			);
			runOnlyForDeploymentPostprocessing = 0;
		};
/* End PBXFrameworksBuildPhase section */

/* Begin PBXGroup section */
		CF163BB018AA782F00483E52 /* ViewControllers */ = {
			isa = PBXGroup;
			children = (
				CFFF510D18CF5EC6007B1168 /* HomeViewController.h */,
				CFFF510E18CF5EC6007B1168 /* HomeViewController.m */,
				CFFF510F18CF5EC6007B1168 /* MenuViewController.h */,
				CFFF511018CF5EC6007B1168 /* MenuViewController.m */,
				CFFF511118CF5EC6007B1168 /* NavigationController.h */,
				CFFF511218CF5EC6007B1168 /* NavigationController.m */,
				804F89F918F2ECDB0089EE81 /* TalkController.h */,
				804F89FA18F2ECDB0089EE81 /* TalkController.m */,
				CFFF511318CF5EC6007B1168 /* PopupViewController.h */,
				CFFF511418CF5EC6007B1168 /* PopupViewController.m */,
				CFFF511518CF5EC6007B1168 /* PopupViewController.xib */,
				CFFF511618CF5EC6007B1168 /* ProfileViewController.h */,
				CFFF511718CF5EC6007B1168 /* ProfileViewController.m */,
				CFFF511818CF5EC6007B1168 /* SignInViewController.h */,
				CFFF511918CF5EC6007B1168 /* SignInViewController.m */,
				CFFF511A18CF5EC6007B1168 /* WallViewController.h */,
				CFFF511B18CF5EC6007B1168 /* WallViewController.m */,
				CFFF511C18CF5EC6007B1168 /* WriteMessageViewController.h */,
				CFFF511D18CF5EC6007B1168 /* WriteMessageViewController.m */,
				8099C4FD18F9A929001CC644 /* ImagePresentingViewController.h */,
				8099C4FE18F9A929001CC644 /* ImagePresentingViewController.m */,
			);
			name = ViewControllers;
			path = ..;
			sourceTree = "<group>";
		};
		CF163BB118AA785100483E52 /* Images */ = {
			isa = PBXGroup;
			children = (
				CF1643F818EA125900510A93 /* DefaultImage.png */,
				CFFF512718CF6010007B1168 /* CheckNo.png */,
				CFFF512818CF6010007B1168 /* CheckNoPressed.png */,
				CFFF512918CF6010007B1168 /* CheckYes.png */,
				CFFF512A18CF6010007B1168 /* CheckYesPressed.png */,
				CFFF512B18CF6010007B1168 /* Dot.png */,
				CFFF512C18CF6010007B1168 /* house.png */,
				CFFF512D18CF6010007B1168 /* iloveyou.png */,
				CF1643FA18EA23C100510A93 /* ImageChangeSelected.png */,
				CFFF512E18CF6010007B1168 /* Lightblack.jpg */,
				CFFF512F18CF6010007B1168 /* Lightbulbdim.png */,
				CFFF513018CF6010007B1168 /* Lightbulboff.png */,
				CFFF513118CF6010007B1168 /* Lightbulbon.png */,
				CFFF513218CF6010007B1168 /* Lightbulbturningon.png */,
				CFFF513318CF6010007B1168 /* location.png */,
				CFFF513418CF6010007B1168 /* news.png */,
				CFFF513518CF6010007B1168 /* thought.png */,
				CF07E34918DF871A006A2BAF /* TriangleMask.png */,
				CF07E34B18DF8C4F006A2BAF /* TriangleMaskProfile.png */,
			);
			name = Images;
			path = ..;
			sourceTree = "<group>";
		};
		CF16440218EB227700510A93 /* Transitions */ = {
			isa = PBXGroup;
			children = (
			);
			name = Transitions;
			sourceTree = "<group>";
		};
		CF3E010A18B1CCB400CDF34C /* Views */ = {
			isa = PBXGroup;
			children = (
				CFFF50FE18CF5DFD007B1168 /* AllYouthCell.h */,
				CFFF50FF18CF5DFE007B1168 /* AllYouthCell.m */,
				CFFF510018CF5DFE007B1168 /* Cell.h */,
				CFFF510118CF5DFE007B1168 /* Cell.m */,
				CFFF510218CF5DFE007B1168 /* ProfileCell.h */,
				CFFF510318CF5DFE007B1168 /* ProfileCell.m */,
				CFFF510618CF5DFE007B1168 /* WallCell.h */,
				CFFF510718CF5DFE007B1168 /* WallCell.m */,
				806AA50218FC48580001DD87 /* SuccessView.h */,
				806AA50318FC48580001DD87 /* SuccessView.m */,
			);
			name = Views;
			sourceTree = "<group>";
		};
		CF86B6EF18BBA2B40019C233 /* Classes */ = {
			isa = PBXGroup;
			children = (
				CFFF50EC18CF5CEC007B1168 /* Profile.h */,
				CFFF50ED18CF5CEC007B1168 /* Profile.m */,
				CFFF50EF18CF5D43007B1168 /* NameLocation.h */,
				CFFF50F018CF5D43007B1168 /* NameLocation.m */,
				CFFF50F118CF5D43007B1168 /* Wall.h */,
				CFFF50F218CF5D43007B1168 /* Wall.m */,
				8022986B18EDDBB600947EE3 /* ImageScale.h */,
				8022986C18EDDBB600947EE3 /* ImageScale.m */,
			);
			name = Classes;
			sourceTree = "<group>";
		};
		CFB26B7C18AD4BE5007B8382 /* Protocols */ = {
			isa = PBXGroup;
			children = (
				CFFF50F518CF5DA2007B1168 /* AskForRideDelegate.h */,
				CFFF50F618CF5DA2007B1168 /* EditTableDelegate.h */,
				CFFF50F718CF5DA2007B1168 /* NavigationDelegate.h */,
				CFFF50F818CF5DA2007B1168 /* PushRideDelegate.h */,
				CFFF50F918CF5DA2007B1168 /* ReloadDataDelegate.h */,
				CFFF50FA18CF5DA2007B1168 /* RideDelegate.h */,
				CFFF50FB18CF5DA2007B1168 /* SignedInDelegate.h */,
				CFFF50FC18CF5DA2007B1168 /* ToggleDelegate.h */,
				CFFF50FD18CF5DA2007B1168 /* WallPostDelegate.h */,
				CF85585118DE5EC7002533A6 /* ImageSelectionDelegate.h */,
			);
			name = Protocols;
			sourceTree = "<group>";
		};
		CFBF3F8D1885B830004CCB51 = {
			isa = PBXGroup;
			children = (
				CFBF3F9F1885B831004CCB51 /* FBC Youth */,
				CFBF3FBE1885B831004CCB51 /* FBC YouthTests */,
				CFBF3F981885B831004CCB51 /* Frameworks */,
				CFBF3F971885B831004CCB51 /* Products */,
				FA8E7347F1454ABA90F49C2F /* Pods.xcconfig */,
			);
			sourceTree = "<group>";
		};
		CFBF3F971885B831004CCB51 /* Products */ = {
			isa = PBXGroup;
			children = (
				CFBF3F961885B831004CCB51 /* FBC Youth.app */,
				CFBF3FB71885B831004CCB51 /* FBC YouthTests.xctest */,
			);
			name = Products;
			sourceTree = "<group>";
		};
		CFBF3F981885B831004CCB51 /* Frameworks */ = {
			isa = PBXGroup;
			children = (
				CF163BA418A6FD6100483E52 /* QuartzCore.framework */,
				CF2DA2FC18995D6300C5A4E8 /* Security.framework */,
				CF06C2101893036C00ACEEEC /* libz.dylib */,
				CF06C20E1893034800ACEEEC /* MobileCoreServices.framework */,
				CF06C20C1893033800ACEEEC /* SystemConfiguration.framework */,
				CF06C20A1893032900ACEEEC /* CFNetwork.framework */,
				CFBF3F991885B831004CCB51 /* Foundation.framework */,
				CFBF3F9B1885B831004CCB51 /* CoreGraphics.framework */,
				CFBF3F9D1885B831004CCB51 /* UIKit.framework */,
				CFBF3FB81885B831004CCB51 /* XCTest.framework */,
				44CE976178944445902430A1 /* libPods.a */,
			);
			name = Frameworks;
			sourceTree = "<group>";
		};
		CFBF3F9F1885B831004CCB51 /* FBC Youth */ = {
			isa = PBXGroup;
			children = (
				CFBF3FA81885B831004CCB51 /* AppDelegate.h */,
				CFBF3FA91885B831004CCB51 /* AppDelegate.m */,
				CF247FC318BC4DCB00FDF0E0 /* Main.storyboard */,
				CF86B6EF18BBA2B40019C233 /* Classes */,
				CFB26B7C18AD4BE5007B8382 /* Protocols */,
				CF3E010A18B1CCB400CDF34C /* Views */,
				CF163BB018AA782F00483E52 /* ViewControllers */,
				CF16440218EB227700510A93 /* Transitions */,
				CF163BB118AA785100483E52 /* Images */,
				CFBF3FB11885B831004CCB51 /* Images.xcassets */,
				CFBF3FA01885B831004CCB51 /* Supporting Files */,
			);
			path = "FBC Youth";
			sourceTree = "<group>";
		};
		CFBF3FA01885B831004CCB51 /* Supporting Files */ = {
			isa = PBXGroup;
			children = (
				CFBF3FA11885B831004CCB51 /* FBC Youth-Info.plist */,
				CFBF3FA21885B831004CCB51 /* InfoPlist.strings */,
				CFBF3FA51885B831004CCB51 /* main.m */,
				CFBF3FA71885B831004CCB51 /* FBC Youth-Prefix.pch */,
			);
			name = "Supporting Files";
			sourceTree = "<group>";
		};
		CFBF3FBE1885B831004CCB51 /* FBC YouthTests */ = {
			isa = PBXGroup;
			children = (
				CFBF3FC41885B831004CCB51 /* FBC_YouthTests.m */,
				CFBF3FBF1885B831004CCB51 /* Supporting Files */,
				CFF073EF191976AE00A7B5A4 /* ProfileTestCase.m */,
			);
			path = "FBC YouthTests";
			sourceTree = "<group>";
		};
		CFBF3FBF1885B831004CCB51 /* Supporting Files */ = {
			isa = PBXGroup;
			children = (
				CFBF3FC01885B831004CCB51 /* FBC YouthTests-Info.plist */,
				CFBF3FC11885B831004CCB51 /* InfoPlist.strings */,
			);
			name = "Supporting Files";
			sourceTree = "<group>";
		};
/* End PBXGroup section */

/* Begin PBXNativeTarget section */
		CFBF3F951885B831004CCB51 /* FBC Youth */ = {
			isa = PBXNativeTarget;
			buildConfigurationList = CFBF3FC81885B831004CCB51 /* Build configuration list for PBXNativeTarget "FBC Youth" */;
			buildPhases = (
				2DACE5C066CC4DBA971DB98A /* Check Pods Manifest.lock */,
				CFBF3F921885B831004CCB51 /* Sources */,
				CFBF3F931885B831004CCB51 /* Frameworks */,
				CFBF3F941885B831004CCB51 /* Resources */,
				1A33ADA43DEE46D2B4B84E37 /* Copy Pods Resources */,
			);
			buildRules = (
			);
			dependencies = (
			);
			name = "FBC Youth";
			productName = "FBC Youth";
			productReference = CFBF3F961885B831004CCB51 /* FBC Youth.app */;
			productType = "com.apple.product-type.application";
		};
		CFBF3FB61885B831004CCB51 /* FBC YouthTests */ = {
			isa = PBXNativeTarget;
			buildConfigurationList = CFBF3FCB1885B831004CCB51 /* Build configuration list for PBXNativeTarget "FBC YouthTests" */;
			buildPhases = (
				CFBF3FB31885B831004CCB51 /* Sources */,
				CFBF3FB41885B831004CCB51 /* Frameworks */,
				CFBF3FB51885B831004CCB51 /* Resources */,
			);
			buildRules = (
			);
			dependencies = (
				CFBF3FBD1885B831004CCB51 /* PBXTargetDependency */,
			);
			name = "FBC YouthTests";
			productName = "FBC YouthTests";
			productReference = CFBF3FB71885B831004CCB51 /* FBC YouthTests.xctest */;
			productType = "com.apple.product-type.bundle.unit-test";
		};
/* End PBXNativeTarget section */

/* Begin PBXProject section */
		CFBF3F8E1885B830004CCB51 /* Project object */ = {
			isa = PBXProject;
			attributes = {
				LastUpgradeCheck = 0510;
				ORGANIZATIONNAME = "Zach Stegall";
				TargetAttributes = {
					CFBF3F951885B831004CCB51 = {
						SystemCapabilities = {
							com.apple.BackgroundModes = {
								enabled = 1;
							};
						};
					};
					CFBF3FB61885B831004CCB51 = {
						TestTargetID = CFBF3F951885B831004CCB51;
					};
				};
			};
			buildConfigurationList = CFBF3F911885B830004CCB51 /* Build configuration list for PBXProject "FBC Youth" */;
			compatibilityVersion = "Xcode 3.2";
			developmentRegion = English;
			hasScannedForEncodings = 0;
			knownRegions = (
				en,
				Base,
			);
			mainGroup = CFBF3F8D1885B830004CCB51;
			productRefGroup = CFBF3F971885B831004CCB51 /* Products */;
			projectDirPath = "";
			projectRoot = "";
			targets = (
				CFBF3F951885B831004CCB51 /* FBC Youth */,
				CFBF3FB61885B831004CCB51 /* FBC YouthTests */,
			);
		};
/* End PBXProject section */

/* Begin PBXResourcesBuildPhase section */
		CFBF3F941885B831004CCB51 /* Resources */ = {
			isa = PBXResourcesBuildPhase;
			buildActionMask = 2147483647;
			files = (
				CFFF513918CF6010007B1168 /* CheckYesPressed.png in Resources */,
				CFFF513C18CF6010007B1168 /* iloveyou.png in Resources */,
				CFFF513E18CF6010007B1168 /* Lightbulbdim.png in Resources */,
				CF1643FB18EA23C100510A93 /* ImageChangeSelected.png in Resources */,
				CFFF513B18CF6010007B1168 /* house.png in Resources */,
				CFBF3FB21885B831004CCB51 /* Images.xcassets in Resources */,
				CFFF513618CF6010007B1168 /* CheckNo.png in Resources */,
				CFFF513718CF6010007B1168 /* CheckNoPressed.png in Resources */,
				CF1643F918EA125900510A93 /* DefaultImage.png in Resources */,
				CFFF513A18CF6010007B1168 /* Dot.png in Resources */,
				CFFF513D18CF6010007B1168 /* Lightblack.jpg in Resources */,
				CFFF512218CF5EC6007B1168 /* PopupViewController.xib in Resources */,
				CFFF514018CF6010007B1168 /* Lightbulbon.png in Resources */,
				CFBF3FA41885B831004CCB51 /* InfoPlist.strings in Resources */,
				CFFF514118CF6010007B1168 /* Lightbulbturningon.png in Resources */,
				CF07E34C18DF8C4F006A2BAF /* TriangleMaskProfile.png in Resources */,
				CFFF514318CF6010007B1168 /* news.png in Resources */,
				CFFF514218CF6010007B1168 /* location.png in Resources */,
				CF247FC518BC4DCB00FDF0E0 /* Main.storyboard in Resources */,
				CFFF513F18CF6010007B1168 /* Lightbulboff.png in Resources */,
				CF07E34A18DF871A006A2BAF /* TriangleMask.png in Resources */,
				CFFF513818CF6010007B1168 /* CheckYes.png in Resources */,
				CFFF514418CF6010007B1168 /* thought.png in Resources */,
			);
			runOnlyForDeploymentPostprocessing = 0;
		};
		CFBF3FB51885B831004CCB51 /* Resources */ = {
			isa = PBXResourcesBuildPhase;
			buildActionMask = 2147483647;
			files = (
				CFBF3FC31885B831004CCB51 /* InfoPlist.strings in Resources */,
			);
			runOnlyForDeploymentPostprocessing = 0;
		};
/* End PBXResourcesBuildPhase section */

/* Begin PBXShellScriptBuildPhase section */
		1A33ADA43DEE46D2B4B84E37 /* Copy Pods Resources */ = {
			isa = PBXShellScriptBuildPhase;
			buildActionMask = 2147483647;
			files = (
			);
			inputPaths = (
			);
			name = "Copy Pods Resources";
			outputPaths = (
			);
			runOnlyForDeploymentPostprocessing = 0;
			shellPath = /bin/sh;
			shellScript = "\"${SRCROOT}/Pods/Pods-resources.sh\"\n";
			showEnvVarsInLog = 0;
		};
		2DACE5C066CC4DBA971DB98A /* Check Pods Manifest.lock */ = {
			isa = PBXShellScriptBuildPhase;
			buildActionMask = 2147483647;
			files = (
			);
			inputPaths = (
			);
			name = "Check Pods Manifest.lock";
			outputPaths = (
			);
			runOnlyForDeploymentPostprocessing = 0;
			shellPath = /bin/sh;
			shellScript = "diff \"${PODS_ROOT}/../Podfile.lock\" \"${PODS_ROOT}/Manifest.lock\" > /dev/null\nif [[ $? != 0 ]] ; then\n    cat << EOM\nerror: The sandbox is not in sync with the Podfile.lock. Run 'pod install' or update your CocoaPods installation.\nEOM\n    exit 1\nfi\n";
			showEnvVarsInLog = 0;
		};
/* End PBXShellScriptBuildPhase section */

/* Begin PBXSourcesBuildPhase section */
		CFBF3F921885B831004CCB51 /* Sources */ = {
			isa = PBXSourcesBuildPhase;
			buildActionMask = 2147483647;
			files = (
				CFFF510C18CF5DFE007B1168 /* WallCell.m in Sources */,
				CFFF50F318CF5D43007B1168 /* NameLocation.m in Sources */,
				CFFF50EE18CF5CEC007B1168 /* Profile.m in Sources */,
				CFFF50F418CF5D43007B1168 /* Wall.m in Sources */,
				CFFF512118CF5EC6007B1168 /* PopupViewController.m in Sources */,
				CFFF510918CF5DFE007B1168 /* Cell.m in Sources */,
				CFFF512318CF5EC6007B1168 /* ProfileViewController.m in Sources */,
				CFFF512018CF5EC6007B1168 /* NavigationController.m in Sources */,
				806AA50418FC48580001DD87 /* SuccessView.m in Sources */,
				CFBF3FAA1885B831004CCB51 /* AppDelegate.m in Sources */,
				8022986D18EDDBB600947EE3 /* ImageScale.m in Sources */,
				CFFF510818CF5DFE007B1168 /* AllYouthCell.m in Sources */,
				CFBF3FA61885B831004CCB51 /* main.m in Sources */,
				CFFF512518CF5EC6007B1168 /* WallViewController.m in Sources */,
				8099C4FF18F9A929001CC644 /* ImagePresentingViewController.m in Sources */,
				CFFF512618CF5EC6007B1168 /* WriteMessageViewController.m in Sources */,
				CFFF512418CF5EC6007B1168 /* SignInViewController.m in Sources */,
				804F89FB18F2ECDB0089EE81 /* TalkController.m in Sources */,
				CFFF510A18CF5DFE007B1168 /* ProfileCell.m in Sources */,
				CFFF511E18CF5EC6007B1168 /* HomeViewController.m in Sources */,
				CFFF511F18CF5EC6007B1168 /* MenuViewController.m in Sources */,
			);
			runOnlyForDeploymentPostprocessing = 0;
		};
		CFBF3FB31885B831004CCB51 /* Sources */ = {
			isa = PBXSourcesBuildPhase;
			buildActionMask = 2147483647;
			files = (
				CFBF3FC51885B831004CCB51 /* FBC_YouthTests.m in Sources */,
				CFF073F0191976AE00A7B5A4 /* ProfileTestCase.m in Sources */,
			);
			runOnlyForDeploymentPostprocessing = 0;
		};
/* End PBXSourcesBuildPhase section */

/* Begin PBXTargetDependency section */
		CFBF3FBD1885B831004CCB51 /* PBXTargetDependency */ = {
			isa = PBXTargetDependency;
			target = CFBF3F951885B831004CCB51 /* FBC Youth */;
			targetProxy = CFBF3FBC1885B831004CCB51 /* PBXContainerItemProxy */;
		};
/* End PBXTargetDependency section */

/* Begin PBXVariantGroup section */
		CF247FC318BC4DCB00FDF0E0 /* Main.storyboard */ = {
			isa = PBXVariantGroup;
			children = (
				CF247FC418BC4DCB00FDF0E0 /* Base */,
			);
			name = Main.storyboard;
			sourceTree = "<group>";
		};
		CFBF3FA21885B831004CCB51 /* InfoPlist.strings */ = {
			isa = PBXVariantGroup;
			children = (
				CFBF3FA31885B831004CCB51 /* en */,
			);
			name = InfoPlist.strings;
			sourceTree = "<group>";
		};
		CFBF3FC11885B831004CCB51 /* InfoPlist.strings */ = {
			isa = PBXVariantGroup;
			children = (
				CFBF3FC21885B831004CCB51 /* en */,
			);
			name = InfoPlist.strings;
			sourceTree = "<group>";
		};
/* End PBXVariantGroup section */

/* Begin XCBuildConfiguration section */
		CFBF3FC61885B831004CCB51 /* Debug */ = {
			isa = XCBuildConfiguration;
			buildSettings = {
				ALWAYS_SEARCH_USER_PATHS = NO;
				CLANG_CXX_LANGUAGE_STANDARD = "gnu++0x";
				CLANG_CXX_LIBRARY = "libc++";
				CLANG_ENABLE_MODULES = YES;
				CLANG_ENABLE_OBJC_ARC = YES;
				CLANG_WARN_BOOL_CONVERSION = YES;
				CLANG_WARN_CONSTANT_CONVERSION = YES;
				CLANG_WARN_DIRECT_OBJC_ISA_USAGE = YES_ERROR;
				CLANG_WARN_EMPTY_BODY = YES;
				CLANG_WARN_ENUM_CONVERSION = YES;
				CLANG_WARN_INT_CONVERSION = YES;
				CLANG_WARN_OBJC_ROOT_CLASS = YES_ERROR;
				CLANG_WARN__DUPLICATE_METHOD_MATCH = YES;
				"CODE_SIGN_IDENTITY[sdk=iphoneos*]" = "iPhone Developer";
				COPY_PHASE_STRIP = NO;
				GCC_C_LANGUAGE_STANDARD = gnu99;
				GCC_DYNAMIC_NO_PIC = NO;
				GCC_OPTIMIZATION_LEVEL = 0;
				GCC_PREPROCESSOR_DEFINITIONS = (
					"DEBUG=1",
					"$(inherited)",
				);
				GCC_SYMBOLS_PRIVATE_EXTERN = NO;
				GCC_WARN_64_TO_32_BIT_CONVERSION = YES;
				GCC_WARN_ABOUT_RETURN_TYPE = YES_ERROR;
				GCC_WARN_UNDECLARED_SELECTOR = YES;
				GCC_WARN_UNINITIALIZED_AUTOS = YES;
				GCC_WARN_UNUSED_FUNCTION = YES;
				GCC_WARN_UNUSED_VARIABLE = YES;
				IPHONEOS_DEPLOYMENT_TARGET = 7.0;
				ONLY_ACTIVE_ARCH = YES;
				SDKROOT = iphoneos;
			};
			name = Debug;
		};
		CFBF3FC71885B831004CCB51 /* Release */ = {
			isa = XCBuildConfiguration;
			buildSettings = {
				ALWAYS_SEARCH_USER_PATHS = NO;
				CLANG_CXX_LANGUAGE_STANDARD = "gnu++0x";
				CLANG_CXX_LIBRARY = "libc++";
				CLANG_ENABLE_MODULES = YES;
				CLANG_ENABLE_OBJC_ARC = YES;
				CLANG_WARN_BOOL_CONVERSION = YES;
				CLANG_WARN_CONSTANT_CONVERSION = YES;
				CLANG_WARN_DIRECT_OBJC_ISA_USAGE = YES_ERROR;
				CLANG_WARN_EMPTY_BODY = YES;
				CLANG_WARN_ENUM_CONVERSION = YES;
				CLANG_WARN_INT_CONVERSION = YES;
				CLANG_WARN_OBJC_ROOT_CLASS = YES_ERROR;
				CLANG_WARN__DUPLICATE_METHOD_MATCH = YES;
				"CODE_SIGN_IDENTITY[sdk=iphoneos*]" = "iPhone Developer";
				COPY_PHASE_STRIP = YES;
				ENABLE_NS_ASSERTIONS = NO;
				GCC_C_LANGUAGE_STANDARD = gnu99;
				GCC_WARN_64_TO_32_BIT_CONVERSION = YES;
				GCC_WARN_ABOUT_RETURN_TYPE = YES_ERROR;
				GCC_WARN_UNDECLARED_SELECTOR = YES;
				GCC_WARN_UNINITIALIZED_AUTOS = YES;
				GCC_WARN_UNUSED_FUNCTION = YES;
				GCC_WARN_UNUSED_VARIABLE = YES;
				IPHONEOS_DEPLOYMENT_TARGET = 7.0;
				SDKROOT = iphoneos;
				VALIDATE_PRODUCT = YES;
			};
			name = Release;
		};
		CFBF3FC91885B831004CCB51 /* Debug */ = {
			isa = XCBuildConfiguration;
			baseConfigurationReference = FA8E7347F1454ABA90F49C2F /* Pods.xcconfig */;
			buildSettings = {
				ASSETCATALOG_COMPILER_APPICON_NAME = AppIcon;
				ASSETCATALOG_COMPILER_LAUNCHIMAGE_NAME = LaunchImage;
				CODE_SIGN_IDENTITY = "iPhone Developer";
				"CODE_SIGN_IDENTITY[sdk=iphoneos*]" = "iPhone Distribution: Zachary Stegall (L2NW3G6MD6)";
				FRAMEWORK_SEARCH_PATHS = "";
				GCC_PRECOMPILE_PREFIX_HEADER = YES;
				GCC_PREFIX_HEADER = "FBC Youth/FBC Youth-Prefix.pch";
				HEADER_SEARCH_PATHS = (
					"\"${PODS_ROOT}/Headers\"",
					"\"${PODS_ROOT}/Headers/AFNetworking\"",
				);
				INFOPLIST_FILE = "FBC Youth/FBC Youth-Info.plist";
				OTHER_LDFLAGS = (
					"-all_load",
					"-ObjC",
					"-framework",
					CoreGraphics,
					"-framework",
					MobileCoreServices,
					"-framework",
					Security,
					"-framework",
					SystemConfiguration,
					"$(inherited)",
				);
				PRODUCT_NAME = "$(TARGET_NAME)";
				PROVISIONING_PROFILE = "05E5176C-399A-41E5-87CC-3B518D2C42A9";
				WRAPPER_EXTENSION = app;
			};
			name = Debug;
		};
		CFBF3FCA1885B831004CCB51 /* Release */ = {
			isa = XCBuildConfiguration;
			baseConfigurationReference = FA8E7347F1454ABA90F49C2F /* Pods.xcconfig */;
			buildSettings = {
				ASSETCATALOG_COMPILER_APPICON_NAME = AppIcon;
				ASSETCATALOG_COMPILER_LAUNCHIMAGE_NAME = LaunchImage;
				CODE_SIGN_IDENTITY = "iPhone Developer";
				"CODE_SIGN_IDENTITY[sdk=iphoneos*]" = "iPhone Distribution: Zachary Stegall (L2NW3G6MD6)";
				FRAMEWORK_SEARCH_PATHS = "";
				GCC_PRECOMPILE_PREFIX_HEADER = YES;
				GCC_PREFIX_HEADER = "FBC Youth/FBC Youth-Prefix.pch";
				HEADER_SEARCH_PATHS = (
					"\"${PODS_ROOT}/Headers\"",
					"\"${PODS_ROOT}/Headers/AFNetworking\"",
				);
				INFOPLIST_FILE = "FBC Youth/FBC Youth-Info.plist";
				OTHER_LDFLAGS = (
					"-ObjC",
					"-framework",
					CoreGraphics,
					"-framework",
					MobileCoreServices,
					"-framework",
					Security,
					"-framework",
					SystemConfiguration,
					"-all_load",
				);
				PRODUCT_NAME = "$(TARGET_NAME)";
				PROVISIONING_PROFILE = "05E5176C-399A-41E5-87CC-3B518D2C42A9";
				WRAPPER_EXTENSION = app;
			};
			name = Release;
		};
		CFBF3FCC1885B831004CCB51 /* Debug */ = {
			isa = XCBuildConfiguration;
			buildSettings = {
				BUNDLE_LOADER = "$(BUILT_PRODUCTS_DIR)/FBC Youth.app/FBC Youth";
				FRAMEWORK_SEARCH_PATHS = (
					"$(SDKROOT)/Developer/Library/Frameworks",
					"$(inherited)",
					"$(DEVELOPER_FRAMEWORKS_DIR)",
				);
				GCC_PRECOMPILE_PREFIX_HEADER = YES;
				GCC_PREFIX_HEADER = "FBC Youth/FBC Youth-Prefix.pch";
				GCC_PREPROCESSOR_DEFINITIONS = (
					"DEBUG=1",
					"$(inherited)",
				);
				INFOPLIST_FILE = "FBC YouthTests/FBC YouthTests-Info.plist";
				PRODUCT_NAME = "$(TARGET_NAME)";
				TEST_HOST = "$(BUNDLE_LOADER)";
				WRAPPER_EXTENSION = xctest;
			};
			name = Debug;
		};
		CFBF3FCD1885B831004CCB51 /* Release */ = {
			isa = XCBuildConfiguration;
			buildSettings = {
				BUNDLE_LOADER = "$(BUILT_PRODUCTS_DIR)/FBC Youth.app/FBC Youth";
				FRAMEWORK_SEARCH_PATHS = (
					"$(SDKROOT)/Developer/Library/Frameworks",
					"$(inherited)",
					"$(DEVELOPER_FRAMEWORKS_DIR)",
				);
				GCC_PRECOMPILE_PREFIX_HEADER = YES;
				GCC_PREFIX_HEADER = "FBC Youth/FBC Youth-Prefix.pch";
				INFOPLIST_FILE = "FBC YouthTests/FBC YouthTests-Info.plist";
				PRODUCT_NAME = "$(TARGET_NAME)";
				TEST_HOST = "$(BUNDLE_LOADER)";
				WRAPPER_EXTENSION = xctest;
			};
			name = Release;
		};
/* End XCBuildConfiguration section */

/* Begin XCConfigurationList section */
		CFBF3F911885B830004CCB51 /* Build configuration list for PBXProject "FBC Youth" */ = {
			isa = XCConfigurationList;
			buildConfigurations = (
				CFBF3FC61885B831004CCB51 /* Debug */,
				CFBF3FC71885B831004CCB51 /* Release */,
			);
			defaultConfigurationIsVisible = 0;
			defaultConfigurationName = Release;
		};
		CFBF3FC81885B831004CCB51 /* Build configuration list for PBXNativeTarget "FBC Youth" */ = {
			isa = XCConfigurationList;
			buildConfigurations = (
				CFBF3FC91885B831004CCB51 /* Debug */,
				CFBF3FCA1885B831004CCB51 /* Release */,
			);
			defaultConfigurationIsVisible = 0;
			defaultConfigurationName = Release;
		};
		CFBF3FCB1885B831004CCB51 /* Build configuration list for PBXNativeTarget "FBC YouthTests" */ = {
			isa = XCConfigurationList;
			buildConfigurations = (
				CFBF3FCC1885B831004CCB51 /* Debug */,
				CFBF3FCD1885B831004CCB51 /* Release */,
			);
			defaultConfigurationIsVisible = 0;
			defaultConfigurationName = Release;
		};
/* End XCConfigurationList section */
	};
	rootObject = CFBF3F8E1885B830004CCB51 /* Project object */;
}
